// !$*UTF8*$!
{
	archiveVersion = 1;
	classes = {
	};
	objectVersion = 51;
	objects = {

/* Begin PBXBuildFile section */
		89A344B5732C99B6F01F085A /* Pods_meditationTests.framework in Frameworks */ = {isa = PBXBuildFile; fileRef = 7F904402ABD4AF494BF4E2F4 /* Pods_meditationTests.framework */; };
		BD7C3A421DD710AFBA99F63D /* Pods_meditation.framework in Frameworks */ = {isa = PBXBuildFile; fileRef = 23501BADD3D9561084A57A3C /* Pods_meditation.framework */; };
		BF5445F822F8732A003F7A30 /* R.generated.swift in Sources */ = {isa = PBXBuildFile; fileRef = BF5445F722F8732A003F7A30 /* R.generated.swift */; };
		BF7AC323248293550060F38C /* Util.swift in Sources */ = {isa = PBXBuildFile; fileRef = BF7AC322248293550060F38C /* Util.swift */; };
		BF8440A82487917A00305B02 /* PickerView.swift in Sources */ = {isa = PBXBuildFile; fileRef = BF8440A72487917A00305B02 /* PickerView.swift */; };
		BF85D331247E67860064E805 /* SettingViewController.swift in Sources */ = {isa = PBXBuildFile; fileRef = BF85D330247E67860064E805 /* SettingViewController.swift */; };
		BF85D333247E6DE00064E805 /* Meditation.swift in Sources */ = {isa = PBXBuildFile; fileRef = BF85D332247E6DE00064E805 /* Meditation.swift */; };
		BFBC61E8248395A700903F4F /* Config.swift in Sources */ = {isa = PBXBuildFile; fileRef = BFBC61E7248395A700903F4F /* Config.swift */; };
		BFBC61EA2483EC1800903F4F /* WorkingState.swift in Sources */ = {isa = PBXBuildFile; fileRef = BFBC61E92483EC1800903F4F /* WorkingState.swift */; };
		BFBC61EC2483ED2D00903F4F /* WaitingState.swift in Sources */ = {isa = PBXBuildFile; fileRef = BFBC61EB2483ED2D00903F4F /* WaitingState.swift */; };
		BFBC61EE2483ED3500903F4F /* BreakingState.swift in Sources */ = {isa = PBXBuildFile; fileRef = BFBC61ED2483ED3500903F4F /* BreakingState.swift */; };
		BFBC61F02483F14B00903F4F /* Notification.swift in Sources */ = {isa = PBXBuildFile; fileRef = BFBC61EF2483F14B00903F4F /* Notification.swift */; };
		BFBE4FB12484DB230077464E /* StateMachine.swift in Sources */ = {isa = PBXBuildFile; fileRef = BFBE4FB02484DB230077464E /* StateMachine.swift */; };
		BFE28F3922F7A9CB005C979E /* AppDelegate.swift in Sources */ = {isa = PBXBuildFile; fileRef = BFE28F3822F7A9CB005C979E /* AppDelegate.swift */; };
		BFE28F3B22F7A9CB005C979E /* ViewController.swift in Sources */ = {isa = PBXBuildFile; fileRef = BFE28F3A22F7A9CB005C979E /* ViewController.swift */; };
		BFE28F4022F7A9CC005C979E /* Assets.xcassets in Resources */ = {isa = PBXBuildFile; fileRef = BFE28F3F22F7A9CC005C979E /* Assets.xcassets */; };
		BFE28F4322F7A9CC005C979E /* LaunchScreen.storyboard in Resources */ = {isa = PBXBuildFile; fileRef = BFE28F4122F7A9CC005C979E /* LaunchScreen.storyboard */; };
		BFE28F4E22F7A9CC005C979E /* meditationTests.swift in Sources */ = {isa = PBXBuildFile; fileRef = BFE28F4D22F7A9CC005C979E /* meditationTests.swift */; };
/* End PBXBuildFile section */

/* Begin PBXContainerItemProxy section */
		BFE28F4A22F7A9CC005C979E /* PBXContainerItemProxy */ = {
			isa = PBXContainerItemProxy;
			containerPortal = BFE28F2D22F7A9CB005C979E /* Project object */;
			proxyType = 1;
			remoteGlobalIDString = BFE28F3422F7A9CB005C979E;
			remoteInfo = meditation;
		};
/* End PBXContainerItemProxy section */

/* Begin PBXFileReference section */
		0AB9EDB4E6769531E91DB6BE /* Pods-meditationTests.release.xcconfig */ = {isa = PBXFileReference; includeInIndex = 1; lastKnownFileType = text.xcconfig; name = "Pods-meditationTests.release.xcconfig"; path = "Target Support Files/Pods-meditationTests/Pods-meditationTests.release.xcconfig"; sourceTree = "<group>"; };
		23501BADD3D9561084A57A3C /* Pods_meditation.framework */ = {isa = PBXFileReference; explicitFileType = wrapper.framework; includeInIndex = 0; path = Pods_meditation.framework; sourceTree = BUILT_PRODUCTS_DIR; };
		42E68EFCA1E114F714228A55 /* Pods-meditationTests.debug.xcconfig */ = {isa = PBXFileReference; includeInIndex = 1; lastKnownFileType = text.xcconfig; name = "Pods-meditationTests.debug.xcconfig"; path = "Target Support Files/Pods-meditationTests/Pods-meditationTests.debug.xcconfig"; sourceTree = "<group>"; };
		7F904402ABD4AF494BF4E2F4 /* Pods_meditationTests.framework */ = {isa = PBXFileReference; explicitFileType = wrapper.framework; includeInIndex = 0; path = Pods_meditationTests.framework; sourceTree = BUILT_PRODUCTS_DIR; };
		BF5445F722F8732A003F7A30 /* R.generated.swift */ = {isa = PBXFileReference; fileEncoding = 4; lastKnownFileType = sourcecode.swift; path = R.generated.swift; sourceTree = SOURCE_ROOT; };
		BF7AC322248293550060F38C /* Util.swift */ = {isa = PBXFileReference; lastKnownFileType = sourcecode.swift; path = Util.swift; sourceTree = "<group>"; };
		BF8440A72487917A00305B02 /* PickerView.swift */ = {isa = PBXFileReference; lastKnownFileType = sourcecode.swift; path = PickerView.swift; sourceTree = "<group>"; };
		BF85D330247E67860064E805 /* SettingViewController.swift */ = {isa = PBXFileReference; lastKnownFileType = sourcecode.swift; path = SettingViewController.swift; sourceTree = "<group>"; };
		BF85D332247E6DE00064E805 /* Meditation.swift */ = {isa = PBXFileReference; lastKnownFileType = sourcecode.swift; path = Meditation.swift; sourceTree = "<group>"; };
		BF85D334247E70490064E805 /* meditation.entitlements */ = {isa = PBXFileReference; lastKnownFileType = text.plist.entitlements; path = meditation.entitlements; sourceTree = "<group>"; };
		BFBC61E7248395A700903F4F /* Config.swift */ = {isa = PBXFileReference; lastKnownFileType = sourcecode.swift; path = Config.swift; sourceTree = "<group>"; };
		BFBC61E92483EC1800903F4F /* WorkingState.swift */ = {isa = PBXFileReference; lastKnownFileType = sourcecode.swift; path = WorkingState.swift; sourceTree = "<group>"; };
		BFBC61EB2483ED2D00903F4F /* WaitingState.swift */ = {isa = PBXFileReference; lastKnownFileType = sourcecode.swift; path = WaitingState.swift; sourceTree = "<group>"; };
		BFBC61ED2483ED3500903F4F /* BreakingState.swift */ = {isa = PBXFileReference; lastKnownFileType = sourcecode.swift; path = BreakingState.swift; sourceTree = "<group>"; };
		BFBC61EF2483F14B00903F4F /* Notification.swift */ = {isa = PBXFileReference; lastKnownFileType = sourcecode.swift; path = Notification.swift; sourceTree = "<group>"; };
		BFBE4FB02484DB230077464E /* StateMachine.swift */ = {isa = PBXFileReference; lastKnownFileType = sourcecode.swift; path = StateMachine.swift; sourceTree = "<group>"; };
		BFE28F3522F7A9CB005C979E /* meditation.app */ = {isa = PBXFileReference; explicitFileType = wrapper.application; includeInIndex = 0; path = meditation.app; sourceTree = BUILT_PRODUCTS_DIR; };
		BFE28F3822F7A9CB005C979E /* AppDelegate.swift */ = {isa = PBXFileReference; lastKnownFileType = sourcecode.swift; path = AppDelegate.swift; sourceTree = "<group>"; };
		BFE28F3A22F7A9CB005C979E /* ViewController.swift */ = {isa = PBXFileReference; lastKnownFileType = sourcecode.swift; path = ViewController.swift; sourceTree = "<group>"; };
		BFE28F3F22F7A9CC005C979E /* Assets.xcassets */ = {isa = PBXFileReference; lastKnownFileType = folder.assetcatalog; path = Assets.xcassets; sourceTree = "<group>"; };
		BFE28F4222F7A9CC005C979E /* Base */ = {isa = PBXFileReference; lastKnownFileType = file.storyboard; name = Base; path = Base.lproj/LaunchScreen.storyboard; sourceTree = "<group>"; };
		BFE28F4422F7A9CC005C979E /* Info.plist */ = {isa = PBXFileReference; lastKnownFileType = text.plist.xml; path = Info.plist; sourceTree = "<group>"; };
		BFE28F4922F7A9CC005C979E /* meditationTests.xctest */ = {isa = PBXFileReference; explicitFileType = wrapper.cfbundle; includeInIndex = 0; path = meditationTests.xctest; sourceTree = BUILT_PRODUCTS_DIR; };
		BFE28F4D22F7A9CC005C979E /* meditationTests.swift */ = {isa = PBXFileReference; lastKnownFileType = sourcecode.swift; path = meditationTests.swift; sourceTree = "<group>"; };
		BFE28F4F22F7A9CC005C979E /* Info.plist */ = {isa = PBXFileReference; lastKnownFileType = text.plist.xml; path = Info.plist; sourceTree = "<group>"; };
		CE05D87B2C657C4254D7E620 /* Pods-meditation.debug.xcconfig */ = {isa = PBXFileReference; includeInIndex = 1; lastKnownFileType = text.xcconfig; name = "Pods-meditation.debug.xcconfig"; path = "Target Support Files/Pods-meditation/Pods-meditation.debug.xcconfig"; sourceTree = "<group>"; };
		EB627970BABC0EBF20DAA1EF /* Pods-meditation.release.xcconfig */ = {isa = PBXFileReference; includeInIndex = 1; lastKnownFileType = text.xcconfig; name = "Pods-meditation.release.xcconfig"; path = "Target Support Files/Pods-meditation/Pods-meditation.release.xcconfig"; sourceTree = "<group>"; };
/* End PBXFileReference section */

/* Begin PBXFrameworksBuildPhase section */
		BFE28F3222F7A9CB005C979E /* Frameworks */ = {
			isa = PBXFrameworksBuildPhase;
			buildActionMask = 2147483647;
			files = (
				BD7C3A421DD710AFBA99F63D /* Pods_meditation.framework in Frameworks */,
			);
			runOnlyForDeploymentPostprocessing = 0;
		};
		BFE28F4622F7A9CC005C979E /* Frameworks */ = {
			isa = PBXFrameworksBuildPhase;
			buildActionMask = 2147483647;
			files = (
				89A344B5732C99B6F01F085A /* Pods_meditationTests.framework in Frameworks */,
			);
			runOnlyForDeploymentPostprocessing = 0;
		};
/* End PBXFrameworksBuildPhase section */

/* Begin PBXGroup section */
		BFE28F2C22F7A9CB005C979E = {
			isa = PBXGroup;
			children = (
				BFE28F3722F7A9CB005C979E /* meditation */,
				BFE28F4C22F7A9CC005C979E /* meditationTests */,
				BFE28F3622F7A9CB005C979E /* Products */,
				C8AE251F9EEE30F9F56E47E6 /* Pods */,
				D24E3CF7D6414D8E5B5DC949 /* Frameworks */,
			);
			sourceTree = "<group>";
		};
		BFE28F3622F7A9CB005C979E /* Products */ = {
			isa = PBXGroup;
			children = (
				BFE28F3522F7A9CB005C979E /* meditation.app */,
				BFE28F4922F7A9CC005C979E /* meditationTests.xctest */,
			);
			name = Products;
			sourceTree = "<group>";
		};
		BFE28F3722F7A9CB005C979E /* meditation */ = {
			isa = PBXGroup;
			children = (
				BF85D334247E70490064E805 /* meditation.entitlements */,
				BF5445F722F8732A003F7A30 /* R.generated.swift */,
				BFE28F3822F7A9CB005C979E /* AppDelegate.swift */,
				BFE28F3A22F7A9CB005C979E /* ViewController.swift */,
				BF85D332247E6DE00064E805 /* Meditation.swift */,
				BFBC61E92483EC1800903F4F /* WorkingState.swift */,
				BFBC61EB2483ED2D00903F4F /* WaitingState.swift */,
				BFBC61ED2483ED3500903F4F /* BreakingState.swift */,
				BFBE4FB02484DB230077464E /* StateMachine.swift */,
				BFBC61E7248395A700903F4F /* Config.swift */,
				BF7AC322248293550060F38C /* Util.swift */,
				BFBC61EF2483F14B00903F4F /* Notification.swift */,
				BF85D330247E67860064E805 /* SettingViewController.swift */,
				BF8440A72487917A00305B02 /* PickerView.swift */,
				BFE28F3F22F7A9CC005C979E /* Assets.xcassets */,
				BFE28F4122F7A9CC005C979E /* LaunchScreen.storyboard */,
				BFE28F4422F7A9CC005C979E /* Info.plist */,
			);
			path = meditation;
			sourceTree = "<group>";
		};
		BFE28F4C22F7A9CC005C979E /* meditationTests */ = {
			isa = PBXGroup;
			children = (
				BFE28F4D22F7A9CC005C979E /* meditationTests.swift */,
				BFE28F4F22F7A9CC005C979E /* Info.plist */,
			);
			path = meditationTests;
			sourceTree = "<group>";
		};
		C8AE251F9EEE30F9F56E47E6 /* Pods */ = {
			isa = PBXGroup;
			children = (
				CE05D87B2C657C4254D7E620 /* Pods-meditation.debug.xcconfig */,
				EB627970BABC0EBF20DAA1EF /* Pods-meditation.release.xcconfig */,
				42E68EFCA1E114F714228A55 /* Pods-meditationTests.debug.xcconfig */,
				0AB9EDB4E6769531E91DB6BE /* Pods-meditationTests.release.xcconfig */,
			);
			path = Pods;
			sourceTree = "<group>";
		};
		D24E3CF7D6414D8E5B5DC949 /* Frameworks */ = {
			isa = PBXGroup;
			children = (
				23501BADD3D9561084A57A3C /* Pods_meditation.framework */,
				7F904402ABD4AF494BF4E2F4 /* Pods_meditationTests.framework */,
			);
			name = Frameworks;
			sourceTree = "<group>";
		};
/* End PBXGroup section */

/* Begin PBXNativeTarget section */
		BFE28F3422F7A9CB005C979E /* meditation */ = {
			isa = PBXNativeTarget;
			buildConfigurationList = BFE28F5222F7A9CC005C979E /* Build configuration list for PBXNativeTarget "meditation" */;
			buildPhases = (
				1BC853CC931F11315F1133B8 /* [CP] Check Pods Manifest.lock */,
				BF5445F422F870F3003F7A30 /* R.Swift */,
				BFE28F3122F7A9CB005C979E /* Sources */,
				BFE28F3222F7A9CB005C979E /* Frameworks */,
				BFE28F3322F7A9CB005C979E /* Resources */,
				465E74671F6600FD9AE27605 /* [CP] Embed Pods Frameworks */,
				BF5445F622F87152003F7A30 /* Bugly */,
			);
			buildRules = (
			);
			dependencies = (
			);
			name = meditation;
			productName = meditation;
			productReference = BFE28F3522F7A9CB005C979E /* meditation.app */;
			productType = "com.apple.product-type.application";
		};
		BFE28F4822F7A9CC005C979E /* meditationTests */ = {
			isa = PBXNativeTarget;
			buildConfigurationList = BFE28F5522F7A9CC005C979E /* Build configuration list for PBXNativeTarget "meditationTests" */;
			buildPhases = (
				CC4D1586FCD817E8917A065F /* [CP] Check Pods Manifest.lock */,
				BFE28F4522F7A9CC005C979E /* Sources */,
				BFE28F4622F7A9CC005C979E /* Frameworks */,
				BFE28F4722F7A9CC005C979E /* Resources */,
			);
			buildRules = (
			);
			dependencies = (
				BFE28F4B22F7A9CC005C979E /* PBXTargetDependency */,
			);
			name = meditationTests;
			productName = meditationTests;
			productReference = BFE28F4922F7A9CC005C979E /* meditationTests.xctest */;
			productType = "com.apple.product-type.bundle.unit-test";
		};
/* End PBXNativeTarget section */

/* Begin PBXProject section */
		BFE28F2D22F7A9CB005C979E /* Project object */ = {
			isa = PBXProject;
			attributes = {
				LastSwiftUpdateCheck = 1020;
				LastUpgradeCheck = 1020;
				ORGANIZATIONNAME = HuangYaqing;
				TargetAttributes = {
					BFE28F3422F7A9CB005C979E = {
						CreatedOnToolsVersion = 10.2.1;
					};
					BFE28F4822F7A9CC005C979E = {
						CreatedOnToolsVersion = 10.2.1;
						TestTargetID = BFE28F3422F7A9CB005C979E;
					};
				};
			};
			buildConfigurationList = BFE28F3022F7A9CB005C979E /* Build configuration list for PBXProject "meditation" */;
			compatibilityVersion = "Xcode 9.3";
			developmentRegion = en;
			hasScannedForEncodings = 0;
			knownRegions = (
				en,
				Base,
			);
			mainGroup = BFE28F2C22F7A9CB005C979E;
			productRefGroup = BFE28F3622F7A9CB005C979E /* Products */;
			projectDirPath = "";
			projectRoot = "";
			targets = (
				BFE28F3422F7A9CB005C979E /* meditation */,
				BFE28F4822F7A9CC005C979E /* meditationTests */,
			);
		};
/* End PBXProject section */

/* Begin PBXResourcesBuildPhase section */
		BFE28F3322F7A9CB005C979E /* Resources */ = {
			isa = PBXResourcesBuildPhase;
			buildActionMask = 2147483647;
			files = (
				BFE28F4322F7A9CC005C979E /* LaunchScreen.storyboard in Resources */,
				BFE28F4022F7A9CC005C979E /* Assets.xcassets in Resources */,
			);
			runOnlyForDeploymentPostprocessing = 0;
		};
		BFE28F4722F7A9CC005C979E /* Resources */ = {
			isa = PBXResourcesBuildPhase;
			buildActionMask = 2147483647;
			files = (
			);
			runOnlyForDeploymentPostprocessing = 0;
		};
/* End PBXResourcesBuildPhase section */

/* Begin PBXShellScriptBuildPhase section */
		1BC853CC931F11315F1133B8 /* [CP] Check Pods Manifest.lock */ = {
			isa = PBXShellScriptBuildPhase;
			buildActionMask = 2147483647;
			files = (
			);
			inputFileListPaths = (
			);
			inputPaths = (
				"${PODS_PODFILE_DIR_PATH}/Podfile.lock",
				"${PODS_ROOT}/Manifest.lock",
			);
			name = "[CP] Check Pods Manifest.lock";
			outputFileListPaths = (
			);
			outputPaths = (
				"$(DERIVED_FILE_DIR)/Pods-meditation-checkManifestLockResult.txt",
			);
			runOnlyForDeploymentPostprocessing = 0;
			shellPath = /bin/sh;
			shellScript = "diff \"${PODS_PODFILE_DIR_PATH}/Podfile.lock\" \"${PODS_ROOT}/Manifest.lock\" > /dev/null\nif [ $? != 0 ] ; then\n    # print error to STDERR\n    echo \"error: The sandbox is not in sync with the Podfile.lock. Run 'pod install' or update your CocoaPods installation.\" >&2\n    exit 1\nfi\n# This output is used by Xcode 'outputs' to avoid re-running this script phase.\necho \"SUCCESS\" > \"${SCRIPT_OUTPUT_FILE_0}\"\n";
			showEnvVarsInLog = 0;
		};
		465E74671F6600FD9AE27605 /* [CP] Embed Pods Frameworks */ = {
			isa = PBXShellScriptBuildPhase;
			buildActionMask = 2147483647;
			files = (
			);
			inputFileListPaths = (
				"${PODS_ROOT}/Target Support Files/Pods-meditation/Pods-meditation-frameworks-${CONFIGURATION}-input-files.xcfilelist",
			);
			name = "[CP] Embed Pods Frameworks";
			outputFileListPaths = (
				"${PODS_ROOT}/Target Support Files/Pods-meditation/Pods-meditation-frameworks-${CONFIGURATION}-output-files.xcfilelist",
			);
			runOnlyForDeploymentPostprocessing = 0;
			shellPath = /bin/sh;
			shellScript = "\"${PODS_ROOT}/Target Support Files/Pods-meditation/Pods-meditation-frameworks.sh\"\n";
			showEnvVarsInLog = 0;
		};
		BF5445F422F870F3003F7A30 /* R.Swift */ = {
			isa = PBXShellScriptBuildPhase;
			buildActionMask = 2147483647;
			files = (
			);
			inputFileListPaths = (
			);
			inputPaths = (
				"$TEMP_DIR/rswift-lastrun",
			);
			name = R.Swift;
			outputFileListPaths = (
			);
			outputPaths = (
				$SRCROOT/R.generated.swift,
			);
			runOnlyForDeploymentPostprocessing = 0;
			shellPath = /bin/sh;
			shellScript = "# Type a script or drag a script file from your workspace to insert its path.\n\"$PODS_ROOT/R.swift/rswift\" generate \"$SRCROOT/R.generated.swift\"\n";
		};
		BF5445F622F87152003F7A30 /* Bugly */ = {
			isa = PBXShellScriptBuildPhase;
			buildActionMask = 2147483647;
			files = (
			);
			inputFileListPaths = (
			);
			inputPaths = (
			);
			name = Bugly;
			outputFileListPaths = (
			);
			outputPaths = (
			);
			runOnlyForDeploymentPostprocessing = 0;
			shellPath = /bin/sh;
			shellScript = "#!/bin/sh\n#\n# Copyright 2016 Bugly, Tencent. All rights reserved.\n#\n# V1.4.0\n#\n# 2016.08.03\n#\n#\n#\n######################################################\n# 1. 脚本集成到Xcode工程的Target\n######################################################\n#\n# --- Copy the SCRIPT to the Run Script of Build Phases in the Xcode project ---\n#\n# #\n. $SRCROOT/config\n#\n# # 脚本默认配置的版本格式为CFBundleShortVersionString(CFBundleVersion),  如果你修改默认的版本格式, 请设置此变量, 如果不想修改, 请忽略此设置\n# CUSTOMIZED_APP_VERSION=\"\"\n#\n# # Debug模式编译是否上传，1＝上传 0＝不上传，默认不上传\nUPLOAD_DEBUG_SYMBOLS=0\n#\n# # 模拟器编译是否上传，1=上传 0=不上传，默认不上传\nUPLOAD_SIMULATOR_SYMBOLS=0\n#\n# #只有Archive操作时上传, 1=支持Archive上传 0=所有Release模式编译都上传\n# UPLOAD_ARCHIVE_ONLY=0\n#\n# #\n# source dSYMUpload.sh\n#\n# --- END OF SCRIPT ---\n#\n#\n#\n#\n#######################################################\n# 2. 脚本根据输入参数处理\n#######################################################\n#\n# #命令行下输入应用基本信息, .dSYM文件的父目录路径, 输出文件目录即可\n#\n# sh dSYMUpload.sh <bugly_app_id> <bugly_app_key> <app_bundle_identifier> <app_version> <dSYM_src_dir> <bSYMBOL_dest_dir>\n#\n# #\n#\n# #注意:\n# # 1. dSYMUpload.sh会调用buglySymboliOS.jar进行.dSYM解析，所以依赖Java运行时环境\n# # 2. dSYMUpload.sh和buglySymboliOS.jar的文件路径需一致\n#\n#\n\n#\n# --- CONTENT OF SCRIPT ---\n#\n\n# Bugly服务域名\nBUGLY_DSYM_UPLOAD_DOMAIN=\"api.bugly.qq.com\"\n\n# 注意jar工具的路径跟dSYMUpload.sh脚本路径一致, 请务必保证jar路径的正确性\nBUGLY_SYMBOL_JAR_PATH=\"dsymtool/buglySymboliOS.jar\"\n# 查找添加到系统目录的jar工具\nif [ ! -f \"${BUGLY_SYMBOL_JAR_PATH}\" ]; then\nBUGLY_SYMBOL_JAR_PATH=\"$HOME/bin/buglySymboliOS.jar\"\nfi\n\n# 打印错误信息\nfunction exitWithMessage(){\necho \"--------------------------------\"\necho \"${1}\"\necho \"--------------------------------\"\nexit ${2}\n}\n\n# 上传bSYMBOL文件\nfunction dSYMUpload() {\nP_APP_ID=\"$1\"\nP_APP_KEY=\"$2\"\nP_APP_BUNDLE_ID=\"$3\"\nP_APP_VERSION=\"$4\"\nP_BSYMBOL_ZIP_FILE=\"$5\"\n\n#\nP_BSYMBOL_ZIP_FILE_NAME=${P_BSYMBOL_ZIP_FILE##*/}\nP_BSYMBOL_ZIP_FILE_NAME=${P_BSYMBOL_ZIP_FILE_NAME//&/_}\nP_BSYMBOL_ZIP_FILE_NAME=\"${P_BSYMBOL_ZIP_FILE_NAME// /_}\"\n\nDSYM_UPLOAD_URL=\"https://${BUGLY_DSYM_UPLOAD_DOMAIN}/openapi/file/upload/symbol?app_id=${P_APP_ID}&app_key=${P_APP_KEY}\"\necho \"dSYM upload url: ${DSYM_UPLOAD_URL}\"\n\necho \"-----------------------------\"\nSTATUS=$(/usr/bin/curl -k \"${DSYM_UPLOAD_URL}\" --form \"api_version=1\" --form \"app_id=${P_APP_ID}\" --form \"app_key=${P_APP_KEY}\" --form \"symbolType=2\"  --form \"bundleId=${BUNDLE_IDENTIFIER}\" --form \"productVersion=${BUGLY_APP_VERSION}\" --form \"fileName=${P_BSYMBOL_ZIP_FILE_NAME}\" --form \"file=@${P_BSYMBOL_ZIP_FILE}\" --verbose)\necho \"-----------------------------\"\n\nUPLOAD_RESULT=\"FAILTURE\"\necho \"Bugly server response: ${STATUS}\"\nif [ ! \"${STATUS}\" ]; then\necho \"Error: Failed to upload the zip archive file.\"\nelif [[ \"${STATUS}\" == *\"{\\\"reponseCode\\\":\\\"0\\\"}\"* ]]; then\necho \"Success to upload the dSYM for the app [${BUNDLE_IDENTIFIER} ${BUGLY_APP_VERSION}]\"\nUPLOAD_RESULT=\"SUCCESS\"\nelse\necho \"Error: Failed to upload the zip archive file to Bugly.\"\nfi\n\n#Remove temp dSYM archive\n#echo \"Remove temporary zip archive: ${DSYM_ZIP_FPATH}\"\n#/bin/rm -f \"${DSYM_ZIP_FPATH}\"\n\nif [ \"$?\" -ne 0 ]; then\nexitWithMessage \"Error: Failed to remove temporary zip archive.\" 0\nfi\n\necho \"--------------------------------\"\necho \"${UPLOAD_RESULT} - dSYM upload complete.\"\n\nif [[ \"${UPLOAD_RESULT}\" == \"FAILTURE\" ]]; then\necho \"--------------------------------\"\necho \"Failed to upload the dSYM\"\necho \"Please check the script and try it again.\"\nfi\n}\n\n# .dSYM解析为bSYMBOL文件\nfunction dSYMParse() {\nDSYM_FILE=\"$1\"\nDSYM_SYMBOL_FILE=\"$2\"\n\necho \"--------------------------------\"\necho \"Extract symbol info from .dSYM file. to ${DSYM_SYMBOL_FILE}\"\n(/usr/bin/java -Xms512m -Xmx1024m -Dfile.encoding=UTF8 -jar \"${BUGLY_SYMBOL_JAR_PATH}\" -i \"${DSYM_FILE}\" -o \"${DSYM_SYMBOL_FILE}\" ) || exitWithMessage \"Error: Failed to extract symbols.\" 1\necho \"--------------------------------\"\n\n}\n\n# 执行\nfunction run() {\n\nCONFIG_BUGLY_APP_ID=\"$1\"\nCONFIG_BUGLY_APP_KEY=\"$2\"\n\nCONFIG_BUGLY_APP_BUNDLE_IDENTIFIER=\"$3\"\nCONFIG_BUGLY_APP_VERSION=\"$4\"\nCONFIG_DSYM_SOURCE_DIR=\"$5\"\nCONFIG_DSYM_DEST_DIR=\"$6\"\nCONFIG_UPLOAD_DSYM_ONLY=\"$7\"\n\n# 检查必须参数是否设置\nif [ ! \"${CONFIG_BUGLY_APP_ID}\" ]; then\nexitWithMessage \"Error: Bugly App ID not defined. Please set 'BUGLY_APP_ID' \" 0\nfi\n\nif [[ \"${CONFIG_BUGLY_APP_ID}\" == *\"App ID\"* ]]; then\nexitWithMessage \"Error: Bugly App ID not defined.\" 0\nfi\n\nif [ ! \"${CONFIG_BUGLY_APP_KEY}\" ]; then\nexitWithMessage \"Error: Bugly App Key not defined.\" 0\nfi\n\nif [ ! \"${CONFIG_BUGLY_APP_BUNDLE_IDENTIFIER}\" ]; then\nexitWithMessage \"Error: Bundle Identifier not defined.\" 0\nfi\n\nif [ ! \"${CONFIG_BUGLY_APP_VERSION}\" ]; then\nexitWithMessage \"Error: App Version not defined.\" 0\nfi\n\nif [ ! -e \"${CONFIG_DSYM_SOURCE_DIR}\" ]; then\nexitWithMessage \"Error: Invalid dir ${CONFIG_DSYM_SOURCE_DIR}\" 0\nfi\n\nif [ ! \"${CONFIG_DSYM_DEST_DIR}\" ]; then\nexitWithMessage \"Error: Invalid dir ${CONFIG_DSYM_DEST_DIR}\" 0\nfi\n\nif [ ! -e \"${CONFIG_DSYM_DEST_DIR}\" ]; then\nmkdir ${CONFIG_DSYM_DEST_DIR}\nfi\n\nDSYM_FOLDER=\"${CONFIG_DSYM_SOURCE_DIR}\"\nIFS=$'\\n'\n\necho \"Scaning dSYM FOLDER: ${DSYM_FOLDER} ...\"\nRET=\"F\"\n\n#\nfor dsymFile in $(find \"$DSYM_FOLDER\" -name '*.dSYM'); do\nRET=\"T\"\necho \"Found dSYM file: $dsymFile\"\n\nDSYM_FILE_NAME=${dsymFile##*/}\nDSYM_SYMBOL_ZIP_FILE_NAME=\"${DSYM_FILE_NAME}.zip\"\nDSYM_SYMBOL_ZIP_FILE_NAME=\"${DSYM_SYMBOL_ZIP_FILE_NAME// /_}\"\nDSYM_SYMBOL_ZIP_FILE=${CONFIG_DSYM_DEST_DIR}/${DSYM_SYMBOL_ZIP_FILE_NAME}\n\nif [ $CONFIG_UPLOAD_DSYM_ONLY -eq 1 ]; then\nif [ -e $DSYM_SYMBOL_ZIP_FILE ]; then\nrm -f $DSYM_SYMBOL_ZIP_FILE\nfi\n# 如果只上传dSYM，直接压缩dSYM目录\nzip -r -j $DSYM_SYMBOL_ZIP_FILE $dsymFile -x *.plist\nelse\n# 使用符号表工具来生成Symbol文件\ndSYMParse $dsymFile $DSYM_SYMBOL_ZIP_FILE\nfi\n\n# 上传\ndSYMUpload $CONFIG_BUGLY_APP_ID $CONFIG_BUGLY_APP_KEY $CONFIG_BUGLY_APP_BUNDLE_IDENTIFIER $CONFIG_BUGLY_APP_VERSION $DSYM_SYMBOL_ZIP_FILE\ndone\n\nif [ $RET = \"F\" ]; then\nexitWithMessage \"No .dSYM found in ${DSYM_FOLDER}\" 0\nfi\n}\n\n# 在Xcode工程中执行\nfunction runInXcode(){\necho \"Uploading dSYM to Bugly in Xcode ...\"\n\necho \"Info.Plist : ${INFOPLIST_FILE}\"\n\nBUNDLE_VERSION=$(/usr/libexec/PlistBuddy -c 'Print CFBundleVersion' \"${INFOPLIST_FILE}\")\nBUNDLE_SHORT_VERSION=$(/usr/libexec/PlistBuddy -c 'Print CFBundleShortVersionString' \"${INFOPLIST_FILE}\")\n\n# 组装Bugly默认识别的版本信息(格式为CFBundleShortVersionString(CFBundleVersion), 例如: 1.0(1))\nif [ ! \"${CUSTOMIZED_APP_VERSION}\" ]; then\nBUGLY_APP_VERSION=\"${BUNDLE_SHORT_VERSION}(${BUNDLE_VERSION})\"\nelse\nBUGLY_APP_VERSION=\"${CUSTOMIZED_APP_VERSION}\"\nfi\n\necho \"--------------------------------\"\necho \"Prepare application information.\"\necho \"--------------------------------\"\n\necho \"Product Name: ${PRODUCT_NAME}\"\necho \"Bundle Identifier: ${BUNDLE_IDENTIFIER}\"\necho \"Version: ${BUNDLE_SHORT_VERSION}\"\necho \"Build: ${BUNDLE_VERSION}\"\n\necho \"Bugly App ID: ${BUGLY_APP_ID}\"\necho \"Bugly App key: ${BUGLY_APP_KEY}\"\necho \"Bugly App Version: ${BUGLY_APP_VERSION}\"\n\necho \"--------------------------------\"\necho \"Check the arguments ...\"\n\n##检查模拟器编译是否允许上传符号\nif [ \"$EFFECTIVE_PLATFORM_NAME\" == \"-iphonesimulator\" ]; then\nif [ $UPLOAD_SIMULATOR_SYMBOLS -eq 0 ]; then\nexitWithMessage \"Warning: Build for simulator and skipping to upload. \\nYou can modify 'UPLOAD_SIMULATOR_SYMBOLS' to 1 in the script.\" 0\nfi\nfi\n\n##检查是否是Release模式编译\nif [ \"${CONFIGURATION=}\" == \"Debug\" ]; then\nif [ $UPLOAD_DEBUG_SYMBOLS -eq 0 ]; then\nexitWithMessage \"Warning: Build for debug mode and skipping to upload. \\nYou can modify 'UPLOAD_DEBUG_SYMBOLS' to 1 in the script.\" 0\nfi\nfi\n\n##检查是否Archive操作\nif [ $UPLOAD_ARCHIVE_ONLY -eq 1 ]; then\nif [[ \"$TARGET_BUILD_DIR\" == *\"/Archive\"* ]]; then\necho \"Archive the package\"\nelse\nexitWithMessage \"Warning: Build for NOT Archive mode and skipping to upload. \\nYou can modify 'UPLOAD_ARCHIVE_ONLY' to 0 in the script.\" 0\nfi\nfi\n\n#\nrun ${BUGLY_APP_ID} ${BUGLY_APP_KEY} ${BUNDLE_IDENTIFIER} ${BUGLY_APP_VERSION} ${DWARF_DSYM_FOLDER_PATH} ${BUILD_DIR}/BuglySymbolTemp ${UPLOAD_DSYM_ONLY}\n}\n\n# 根据Xcode的环境变量判断是否处于Xcode环境\nINFO_PLIST_FILE=\"${INFOPLIST_FILE}\"\n\nBuildInXcode=\"F\"\nif [ -f \"${INFO_PLIST_FILE}\" ]; then\nBuildInXcode=\"T\"\nfi\n\nif [ $BuildInXcode = \"T\" ]; then\nrunInXcode\nelse\necho \"\\nUsage: dSYMUpload.sh <bugly_app_id> <bugly_app_key> <app_bundle_identifier> <app_version> <dSYM_src_dir> <bSYMBOL_dest_dir> [upload_dsym_only]\\n\"\n# 你可以在此处直接设置BuglyAppID和BuglyAppKey，排除不常变参数的输入\nBUGLY_APP_ID=\"$1\"\nBUGLY_APP_KEY=\"$2\"\nBUNDLE_IDENTIFIER=\"$3\"\nBUGLY_APP_VERSION=\"$4\"\nDWARF_DSYM_FOLDER_PATH=\"$5\"\nSYMBOL_OUTPUT_PATH=\"$6\"\nUPLOAD_DSYM_ONLY=$7\nrun ${BUGLY_APP_ID} ${BUGLY_APP_KEY} ${BUNDLE_IDENTIFIER} ${BUGLY_APP_VERSION} ${DWARF_DSYM_FOLDER_PATH} ${SYMBOL_OUTPUT_PATH} ${UPLOAD_DSYM_ONLY}\nfi\n";
			showEnvVarsInLog = 0;
		};
		CC4D1586FCD817E8917A065F /* [CP] Check Pods Manifest.lock */ = {
			isa = PBXShellScriptBuildPhase;
			buildActionMask = 2147483647;
			files = (
			);
			inputFileListPaths = (
			);
			inputPaths = (
				"${PODS_PODFILE_DIR_PATH}/Podfile.lock",
				"${PODS_ROOT}/Manifest.lock",
			);
			name = "[CP] Check Pods Manifest.lock";
			outputFileListPaths = (
			);
			outputPaths = (
				"$(DERIVED_FILE_DIR)/Pods-meditationTests-checkManifestLockResult.txt",
			);
			runOnlyForDeploymentPostprocessing = 0;
			shellPath = /bin/sh;
			shellScript = "diff \"${PODS_PODFILE_DIR_PATH}/Podfile.lock\" \"${PODS_ROOT}/Manifest.lock\" > /dev/null\nif [ $? != 0 ] ; then\n    # print error to STDERR\n    echo \"error: The sandbox is not in sync with the Podfile.lock. Run 'pod install' or update your CocoaPods installation.\" >&2\n    exit 1\nfi\n# This output is used by Xcode 'outputs' to avoid re-running this script phase.\necho \"SUCCESS\" > \"${SCRIPT_OUTPUT_FILE_0}\"\n";
			showEnvVarsInLog = 0;
		};
/* End PBXShellScriptBuildPhase section */

/* Begin PBXSourcesBuildPhase section */
		BFE28F3122F7A9CB005C979E /* Sources */ = {
			isa = PBXSourcesBuildPhase;
			buildActionMask = 2147483647;
			files = (
				BF85D333247E6DE00064E805 /* Meditation.swift in Sources */,
				BF7AC323248293550060F38C /* Util.swift in Sources */,
				BFBC61EE2483ED3500903F4F /* BreakingState.swift in Sources */,
				BFE28F3B22F7A9CB005C979E /* ViewController.swift in Sources */,
				BFBC61E8248395A700903F4F /* Config.swift in Sources */,
				BFE28F3922F7A9CB005C979E /* AppDelegate.swift in Sources */,
				BFBC61EC2483ED2D00903F4F /* WaitingState.swift in Sources */,
				BFBE4FB12484DB230077464E /* StateMachine.swift in Sources */,
				BF5445F822F8732A003F7A30 /* R.generated.swift in Sources */,
				BFBC61F02483F14B00903F4F /* Notification.swift in Sources */,
				BF85D331247E67860064E805 /* SettingViewController.swift in Sources */,
				BFBC61EA2483EC1800903F4F /* WorkingState.swift in Sources */,
				BF8440A82487917A00305B02 /* PickerView.swift in Sources */,
			);
			runOnlyForDeploymentPostprocessing = 0;
		};
		BFE28F4522F7A9CC005C979E /* Sources */ = {
			isa = PBXSourcesBuildPhase;
			buildActionMask = 2147483647;
			files = (
				BFE28F4E22F7A9CC005C979E /* meditationTests.swift in Sources */,
			);
			runOnlyForDeploymentPostprocessing = 0;
		};
/* End PBXSourcesBuildPhase section */

/* Begin PBXTargetDependency section */
		BFE28F4B22F7A9CC005C979E /* PBXTargetDependency */ = {
			isa = PBXTargetDependency;
			target = BFE28F3422F7A9CB005C979E /* meditation */;
			targetProxy = BFE28F4A22F7A9CC005C979E /* PBXContainerItemProxy */;
		};
/* End PBXTargetDependency section */

/* Begin PBXVariantGroup section */
		BFE28F4122F7A9CC005C979E /* LaunchScreen.storyboard */ = {
			isa = PBXVariantGroup;
			children = (
				BFE28F4222F7A9CC005C979E /* Base */,
			);
			name = LaunchScreen.storyboard;
			sourceTree = "<group>";
		};
/* End PBXVariantGroup section */

/* Begin XCBuildConfiguration section */
		BFE28F5022F7A9CC005C979E /* Debug */ = {
			isa = XCBuildConfiguration;
			buildSettings = {
				ALWAYS_SEARCH_USER_PATHS = NO;
				CLANG_ANALYZER_NONNULL = YES;
				CLANG_ANALYZER_NUMBER_OBJECT_CONVERSION = YES_AGGRESSIVE;
				CLANG_CXX_LANGUAGE_STANDARD = "gnu++14";
				CLANG_CXX_LIBRARY = "libc++";
				CLANG_ENABLE_MODULES = YES;
				CLANG_ENABLE_OBJC_ARC = YES;
				CLANG_ENABLE_OBJC_WEAK = YES;
				CLANG_WARN_BLOCK_CAPTURE_AUTORELEASING = YES;
				CLANG_WARN_BOOL_CONVERSION = YES;
				CLANG_WARN_COMMA = YES;
				CLANG_WARN_CONSTANT_CONVERSION = YES;
				CLANG_WARN_DEPRECATED_OBJC_IMPLEMENTATIONS = YES;
				CLANG_WARN_DIRECT_OBJC_ISA_USAGE = YES_ERROR;
				CLANG_WARN_DOCUMENTATION_COMMENTS = YES;
				CLANG_WARN_EMPTY_BODY = YES;
				CLANG_WARN_ENUM_CONVERSION = YES;
				CLANG_WARN_INFINITE_RECURSION = YES;
				CLANG_WARN_INT_CONVERSION = YES;
				CLANG_WARN_NON_LITERAL_NULL_CONVERSION = YES;
				CLANG_WARN_OBJC_IMPLICIT_RETAIN_SELF = YES;
				CLANG_WARN_OBJC_LITERAL_CONVERSION = YES;
				CLANG_WARN_OBJC_ROOT_CLASS = YES_ERROR;
				CLANG_WARN_RANGE_LOOP_ANALYSIS = YES;
				CLANG_WARN_STRICT_PROTOTYPES = YES;
				CLANG_WARN_SUSPICIOUS_MOVE = YES;
				CLANG_WARN_UNGUARDED_AVAILABILITY = YES_AGGRESSIVE;
				CLANG_WARN_UNREACHABLE_CODE = YES;
				CLANG_WARN__DUPLICATE_METHOD_MATCH = YES;
				CODE_SIGN_IDENTITY = "iPhone Developer";
				COPY_PHASE_STRIP = NO;
				DEBUG_INFORMATION_FORMAT = dwarf;
				ENABLE_STRICT_OBJC_MSGSEND = YES;
				ENABLE_TESTABILITY = YES;
				GCC_C_LANGUAGE_STANDARD = gnu11;
				GCC_DYNAMIC_NO_PIC = NO;
				GCC_NO_COMMON_BLOCKS = YES;
				GCC_OPTIMIZATION_LEVEL = 0;
				GCC_PREPROCESSOR_DEFINITIONS = (
					"DEBUG=1",
					"$(inherited)",
				);
				GCC_WARN_64_TO_32_BIT_CONVERSION = YES;
				GCC_WARN_ABOUT_RETURN_TYPE = YES_ERROR;
				GCC_WARN_UNDECLARED_SELECTOR = YES;
				GCC_WARN_UNINITIALIZED_AUTOS = YES_AGGRESSIVE;
				GCC_WARN_UNUSED_FUNCTION = YES;
				GCC_WARN_UNUSED_VARIABLE = YES;
				IPHONEOS_DEPLOYMENT_TARGET = 12.2;
				MTL_ENABLE_DEBUG_INFO = INCLUDE_SOURCE;
				MTL_FAST_MATH = YES;
				ONLY_ACTIVE_ARCH = YES;
				SDKROOT = iphoneos;
				SWIFT_ACTIVE_COMPILATION_CONDITIONS = DEBUG;
				SWIFT_OPTIMIZATION_LEVEL = "-Onone";
			};
			name = Debug;
		};
		BFE28F5122F7A9CC005C979E /* Release */ = {
			isa = XCBuildConfiguration;
			buildSettings = {
				ALWAYS_SEARCH_USER_PATHS = NO;
				CLANG_ANALYZER_NONNULL = YES;
				CLANG_ANALYZER_NUMBER_OBJECT_CONVERSION = YES_AGGRESSIVE;
				CLANG_CXX_LANGUAGE_STANDARD = "gnu++14";
				CLANG_CXX_LIBRARY = "libc++";
				CLANG_ENABLE_MODULES = YES;
				CLANG_ENABLE_OBJC_ARC = YES;
				CLANG_ENABLE_OBJC_WEAK = YES;
				CLANG_WARN_BLOCK_CAPTURE_AUTORELEASING = YES;
				CLANG_WARN_BOOL_CONVERSION = YES;
				CLANG_WARN_COMMA = YES;
				CLANG_WARN_CONSTANT_CONVERSION = YES;
				CLANG_WARN_DEPRECATED_OBJC_IMPLEMENTATIONS = YES;
				CLANG_WARN_DIRECT_OBJC_ISA_USAGE = YES_ERROR;
				CLANG_WARN_DOCUMENTATION_COMMENTS = YES;
				CLANG_WARN_EMPTY_BODY = YES;
				CLANG_WARN_ENUM_CONVERSION = YES;
				CLANG_WARN_INFINITE_RECURSION = YES;
				CLANG_WARN_INT_CONVERSION = YES;
				CLANG_WARN_NON_LITERAL_NULL_CONVERSION = YES;
				CLANG_WARN_OBJC_IMPLICIT_RETAIN_SELF = YES;
				CLANG_WARN_OBJC_LITERAL_CONVERSION = YES;
				CLANG_WARN_OBJC_ROOT_CLASS = YES_ERROR;
				CLANG_WARN_RANGE_LOOP_ANALYSIS = YES;
				CLANG_WARN_STRICT_PROTOTYPES = YES;
				CLANG_WARN_SUSPICIOUS_MOVE = YES;
				CLANG_WARN_UNGUARDED_AVAILABILITY = YES_AGGRESSIVE;
				CLANG_WARN_UNREACHABLE_CODE = YES;
				CLANG_WARN__DUPLICATE_METHOD_MATCH = YES;
				CODE_SIGN_IDENTITY = "iPhone Developer";
				COPY_PHASE_STRIP = NO;
				DEBUG_INFORMATION_FORMAT = "dwarf-with-dsym";
				ENABLE_NS_ASSERTIONS = NO;
				ENABLE_STRICT_OBJC_MSGSEND = YES;
				GCC_C_LANGUAGE_STANDARD = gnu11;
				GCC_NO_COMMON_BLOCKS = YES;
				GCC_WARN_64_TO_32_BIT_CONVERSION = YES;
				GCC_WARN_ABOUT_RETURN_TYPE = YES_ERROR;
				GCC_WARN_UNDECLARED_SELECTOR = YES;
				GCC_WARN_UNINITIALIZED_AUTOS = YES_AGGRESSIVE;
				GCC_WARN_UNUSED_FUNCTION = YES;
				GCC_WARN_UNUSED_VARIABLE = YES;
				IPHONEOS_DEPLOYMENT_TARGET = 12.2;
				MTL_ENABLE_DEBUG_INFO = NO;
				MTL_FAST_MATH = YES;
				SDKROOT = iphoneos;
				SWIFT_COMPILATION_MODE = wholemodule;
				SWIFT_OPTIMIZATION_LEVEL = "-O";
				VALIDATE_PRODUCT = YES;
			};
			name = Release;
		};
		BFE28F5322F7A9CC005C979E /* Debug */ = {
			isa = XCBuildConfiguration;
			baseConfigurationReference = CE05D87B2C657C4254D7E620 /* Pods-meditation.debug.xcconfig */;
			buildSettings = {
				ASSETCATALOG_COMPILER_APPICON_NAME = AppIcon;
				CODE_SIGN_ENTITLEMENTS = meditation/meditation.entitlements;
				CODE_SIGN_STYLE = Automatic;
				CURRENT_PROJECT_VERSION = 11;
				DEVELOPMENT_TEAM = 4USFLE6SEH;
				INFOPLIST_FILE = meditation/Info.plist;
				IPHONEOS_DEPLOYMENT_TARGET = 12.2;
				LD_RUNPATH_SEARCH_PATHS = (
					"$(inherited)",
					"@executable_path/Frameworks",
				);
				MARKETING_VERSION = 1.1;
				PRODUCT_BUNDLE_IDENTIFIER = com.pipasese.meditation;
				PRODUCT_NAME = meditation;
				SWIFT_VERSION = 5.0;
				TARGETED_DEVICE_FAMILY = "1,2";
				VERSIONING_SYSTEM = "apple-generic";
			};
			name = Debug;
		};
		BFE28F5422F7A9CC005C979E /* Release */ = {
			isa = XCBuildConfiguration;
			baseConfigurationReference = EB627970BABC0EBF20DAA1EF /* Pods-meditation.release.xcconfig */;
			buildSettings = {
				ASSETCATALOG_COMPILER_APPICON_NAME = AppIcon;
				CODE_SIGN_ENTITLEMENTS = meditation/meditation.entitlements;
				CODE_SIGN_STYLE = Automatic;
				CURRENT_PROJECT_VERSION = 11;
				DEVELOPMENT_TEAM = 4USFLE6SEH;
				INFOPLIST_FILE = meditation/Info.plist;
				IPHONEOS_DEPLOYMENT_TARGET = 12.2;
				LD_RUNPATH_SEARCH_PATHS = (
					"$(inherited)",
					"@executable_path/Frameworks",
				);
				MARKETING_VERSION = 1.1;
				PRODUCT_BUNDLE_IDENTIFIER = com.pipasese.meditation;
				PRODUCT_NAME = meditation;
				SWIFT_VERSION = 5.0;
				TARGETED_DEVICE_FAMILY = "1,2";
				VERSIONING_SYSTEM = "apple-generic";
			};
			name = Release;
		};
		BFE28F5622F7A9CC005C979E /* Debug */ = {
			isa = XCBuildConfiguration;
			baseConfigurationReference = 42E68EFCA1E114F714228A55 /* Pods-meditationTests.debug.xcconfig */;
			buildSettings = {
				ALWAYS_EMBED_SWIFT_STANDARD_LIBRARIES = YES;
				BUNDLE_LOADER = "$(TEST_HOST)";
				CODE_SIGN_STYLE = Automatic;
				DEVELOPMENT_TEAM = 4USFLE6SEH;
				INFOPLIST_FILE = meditationTests/Info.plist;
				LD_RUNPATH_SEARCH_PATHS = (
					"$(inherited)",
					"@executable_path/Frameworks",
					"@loader_path/Frameworks",
				);
				PRODUCT_BUNDLE_IDENTIFIER = com.pipasese.meditationTests;
				PRODUCT_NAME = "$(TARGET_NAME)";
				SWIFT_VERSION = 5.0;
				TARGETED_DEVICE_FAMILY = "1,2";
				TEST_HOST = "$(BUILT_PRODUCTS_DIR)/meditation.app/meditation";
			};
			name = Debug;
		};
		BFE28F5722F7A9CC005C979E /* Release */ = {
			isa = XCBuildConfiguration;
			baseConfigurationReference = 0AB9EDB4E6769531E91DB6BE /* Pods-meditationTests.release.xcconfig */;
			buildSettings = {
				ALWAYS_EMBED_SWIFT_STANDARD_LIBRARIES = YES;
				BUNDLE_LOADER = "$(TEST_HOST)";
				CODE_SIGN_STYLE = Automatic;
				DEVELOPMENT_TEAM = 4USFLE6SEH;
				INFOPLIST_FILE = meditationTests/Info.plist;
				LD_RUNPATH_SEARCH_PATHS = (
					"$(inherited)",
					"@executable_path/Frameworks",
					"@loader_path/Frameworks",
				);
				PRODUCT_BUNDLE_IDENTIFIER = com.pipasese.meditationTests;
				PRODUCT_NAME = "$(TARGET_NAME)";
				SWIFT_VERSION = 5.0;
				TARGETED_DEVICE_FAMILY = "1,2";
				TEST_HOST = "$(BUILT_PRODUCTS_DIR)/meditation.app/meditation";
			};
			name = Release;
		};
/* End XCBuildConfiguration section */

/* Begin XCConfigurationList section */
		BFE28F3022F7A9CB005C979E /* Build configuration list for PBXProject "meditation" */ = {
			isa = XCConfigurationList;
			buildConfigurations = (
				BFE28F5022F7A9CC005C979E /* Debug */,
				BFE28F5122F7A9CC005C979E /* Release */,
			);
			defaultConfigurationIsVisible = 0;
			defaultConfigurationName = Release;
		};
		BFE28F5222F7A9CC005C979E /* Build configuration list for PBXNativeTarget "meditation" */ = {
			isa = XCConfigurationList;
			buildConfigurations = (
				BFE28F5322F7A9CC005C979E /* Debug */,
				BFE28F5422F7A9CC005C979E /* Release */,
			);
			defaultConfigurationIsVisible = 0;
			defaultConfigurationName = Release;
		};
		BFE28F5522F7A9CC005C979E /* Build configuration list for PBXNativeTarget "meditationTests" */ = {
			isa = XCConfigurationList;
			buildConfigurations = (
				BFE28F5622F7A9CC005C979E /* Debug */,
				BFE28F5722F7A9CC005C979E /* Release */,
			);
			defaultConfigurationIsVisible = 0;
			defaultConfigurationName = Release;
		};
/* End XCConfigurationList section */
	};
	rootObject = BFE28F2D22F7A9CB005C979E /* Project object */;
}
